
Microsoft Visual Studio Solution File, Format Version 12.00
# Visual Studio Version 16
VisualStudioVersion = 16.0.29905.134
MinimumVisualStudioVersion = 10.0.40219.1
Project("{9A19103F-16F7-4668-BE54-9A1E7A4F7556}") = "Blazm.Components", "Blazm.Components\Blazm.Components.csproj", "{75187560-F771-40DA-81AC-83E8A8A06B31}"
EndProject
Project("{2150E333-8FDC-42A3-9474-1A3956D46DE8}") = "Solution Items", "Solution Items", "{0A512C94-C8EA-45B0-BD36-A73D873D5F1A}"
	ProjectSection(SolutionItems) = preProject
		..\Blazm.gif = ..\Blazm.gif
		..\README.md = ..\README.md
	EndProjectSection
EndProject
Project("{9A19103F-16F7-4668-BE54-9A1E7A4F7556}") = "SampleServerSide", "SampleServerSide\SampleServerSide.csproj", "{206836A1-C4D5-4A4A-BF54-44D909B6F16A}"
EndProject
Project("{FAE04EC0-301F-11D3-BF4B-00C04F79EFBC}") = "Blazm.Components.Tests", "Blazm.Components.Tests\Blazm.Components.Tests.csproj", "{5306218D-0290-4180-902D-53278DA58C04}"
EndProject
Global
	GlobalSection(SolutionConfigurationPlatforms) = preSolution
		Debug|Any CPU = Debug|Any CPU
		Release|Any CPU = Release|Any CPU
	EndGlobalSection
	GlobalSection(ProjectConfigurationPlatforms) = postSolution
		{75187560-F771-40DA-81AC-83E8A8A06B31}.Debug|Any CPU.ActiveCfg = Debug|Any CPU
		{75187560-F771-40DA-81AC-83E8A8A06B31}.Debug|Any CPU.Build.0 = Debug|Any CPU
		{75187560-F771-40DA-81AC-83E8A8A06B31}.Release|Any CPU.ActiveCfg = Release|Any CPU
		{75187560-F771-40DA-81AC-83E8A8A06B31}.Release|Any CPU.Build.0 = Release|Any CPU
		{206836A1-C4D5-4A4A-BF54-44D909B6F16A}.Debug|Any CPU.ActiveCfg = Debug|Any CPU
		{206836A1-C4D5-4A4A-BF54-44D909B6F16A}.Debug|Any CPU.Build.0 = Debug|Any CPU
		{206836A1-C4D5-4A4A-BF54-44D909B6F16A}.Release|Any CPU.ActiveCfg = Release|Any CPU
		{206836A1-C4D5-4A4A-BF54-44D909B6F16A}.Release|Any CPU.Build.0 = Release|Any CPU
		{5306218D-0290-4180-902D-53278DA58C04}.Debug|Any CPU.ActiveCfg = Debug|Any CPU
		{5306218D-0290-4180-902D-53278DA58C04}.Debug|Any CPU.Build.0 = Debug|Any CPU
		{5306218D-0290-4180-902D-53278DA58C04}.Release|Any CPU.ActiveCfg = Release|Any CPU
		{5306218D-0290-4180-902D-53278DA58C04}.Release|Any CPU.Build.0 = Release|Any CPU
	EndGlobalSection
	GlobalSection(SolutionProperties) = preSolution
		HideSolutionNode = FALSE
	EndGlobalSection
	GlobalSection(ExtensibilityGlobals) = postSolution
		SolutionGuid = {4B1B3E98-6A3F-4673-B8DC-7066714377EC}
	EndGlobalSection
EndGlobal
